
Microsoft Visual Studio Solution File, Format Version 12.00
# Visual Studio Version 16
VisualStudioVersion = 16.0.29411.108
MinimumVisualStudioVersion = 10.0.40219.1
Project("{9A19103F-16F7-4668-BE54-9A1E7A4F7556}") = "UTool", "UTool\UTool.csproj", "{61B48D3C-EFAE-45F8-978E-DD1A11796078}"
EndProject
Project("{2150E333-8FDC-42A3-9474-1A3956D46DE8}") = "Client", "Client", "{4034DEEF-D015-4E77-B8DC-FC41FCA4E9E6}"
EndProject
Project("{2150E333-8FDC-42A3-9474-1A3956D46DE8}") = "BuildingBlock", "BuildingBlock", "{BA9A950D-0BC0-4F88-BC88-40D0B6D0FA93}"
EndProject
Project("{2150E333-8FDC-42A3-9474-1A3956D46DE8}") = "EventBus", "EventBus", "{C1B4DAE4-7429-49A6-8B5C-325A92D79412}"
EndProject
Project("{9A19103F-16F7-4668-BE54-9A1E7A4F7556}") = "EventBus.Domain", "BuildingBlocks\EventBus\EventBus.Domain\EventBus.Domain.csproj", "{6BE17C85-37DA-48BB-88E2-DC8B5F961BF8}"
EndProject
Project("{9A19103F-16F7-4668-BE54-9A1E7A4F7556}") = "EventBus.RabbitMQ", "BuildingBlocks\EventBus\EventBus.RabbitMQ\EventBus.RabbitMQ.csproj", "{9D2838F0-7A5B-4094-A413-F84F33BC754E}"
EndProject
Project("{2150E333-8FDC-42A3-9474-1A3956D46DE8}") = "Service", "Service", "{89844742-9008-49A5-B7B7-F0DB9A621E63}"
EndProject
Project("{2150E333-8FDC-42A3-9474-1A3956D46DE8}") = "Banking", "Banking", "{CC9F3FE3-2AAB-4E3B-BE25-0008A894EE7F}"
EndProject
Project("{2150E333-8FDC-42A3-9474-1A3956D46DE8}") = "Common", "Common", "{AD8A7880-7609-4DF1-B506-987A01B5DFA1}"
EndProject
Project("{2150E333-8FDC-42A3-9474-1A3956D46DE8}") = "Order", "Order", "{523C88F0-2474-4D7C-8B19-8674BDD79D24}"
EndProject
Project("{9A19103F-16F7-4668-BE54-9A1E7A4F7556}") = "Service.Ordering.Api", "Service\Ordering\Service.Ordering.Api\Service.Ordering.Api.csproj", "{35C2175F-DEDC-43FE-8A2D-8405E5B93081}"
EndProject
Project("{9A19103F-16F7-4668-BE54-9A1E7A4F7556}") = "Service.Ordering.Contract", "Service\Ordering\Service.Ordering.Contract\Service.Ordering.Contract.csproj", "{86F65EDA-D06C-46C6-AA3B-01921A7E565A}"
EndProject
Project("{E53339B2-1760-4266-BCC7-CA923CBCF16C}") = "docker-compose", "docker-compose.dcproj", "{DDF890F8-BA2F-45E3-BA7B-00EFFA22EF24}"
EndProject
Project("{9A19103F-16F7-4668-BE54-9A1E7A4F7556}") = "Common.Contract", "BuildingBlocks\Common\Common.Contract\Common.Contract.csproj", "{F5A8724A-FF7B-40EC-86FE-0F22CAA63A5D}"
EndProject
Project("{9A19103F-16F7-4668-BE54-9A1E7A4F7556}") = "Service.Ordering.Application", "Service\Ordering\Service.Ordering.Application\Service.Ordering.Application.csproj", "{BC13DE24-9A73-47BA-BF04-721B0896553A}"
EndProject
Project("{2150E333-8FDC-42A3-9474-1A3956D46DE8}") = "System", "System", "{F962C530-E7B3-4062-A52A-206B9DEEE93C}"
EndProject
Project("{2150E333-8FDC-42A3-9474-1A3956D46DE8}") = "IoC", "IoC", "{A98F8F1C-D049-4D33-BD9E-3769A50C6A81}"
EndProject
Project("{9A19103F-16F7-4668-BE54-9A1E7A4F7556}") = "IoC.DI", "BuildingBlocks\IoC\IoC.DI\IoC.DI.csproj", "{58A27032-851E-4AFC-B4D5-0597010B6FC6}"
EndProject
Project("{9A19103F-16F7-4668-BE54-9A1E7A4F7556}") = "Service.Banking.Contract", "Service\Banking\Service.Banking.Contract\Service.Banking.Contract.csproj", "{57A22BD2-9D41-4A72-95E5-A50B1410DD57}"
EndProject
Project("{9A19103F-16F7-4668-BE54-9A1E7A4F7556}") = "Service.Ordering.ApiImp", "Service\Ordering\Service.Ordering.ApiImp\Service.Ordering.ApiImp.csproj", "{4715B9BD-7EA6-459E-B9AC-7F06E372E8DC}"
EndProject
Project("{9A19103F-16F7-4668-BE54-9A1E7A4F7556}") = "Service.Banking.ApiImp", "Service\Banking\Service.Banking.ApiImp\Service.Banking.ApiImp.csproj", "{7881FD25-A99F-4CFE-9221-5C4D2DDC619F}"
EndProject
Project("{9A19103F-16F7-4668-BE54-9A1E7A4F7556}") = "Service.Banking.Application", "Service\Banking\Service.Banking.Application\Service.Banking.Application.csproj", "{3B8FA087-4597-408C-A021-AA2C9EEBF770}"
EndProject
Project("{9A19103F-16F7-4668-BE54-9A1E7A4F7556}") = "Service.Banking.Api", "Service\Banking\Service.Banking.Api\Service.Banking.Api.csproj", "{6AB05332-617F-43ED-8800-78954A3BB742}"
EndProject
Project("{2150E333-8FDC-42A3-9474-1A3956D46DE8}") = "APiGw", "APiGw", "{DD4C4D3E-27F4-43E3-BB18-87BBD8D730B1}"
EndProject
Project("{9A19103F-16F7-4668-BE54-9A1E7A4F7556}") = "ApiGw.Ocelot", "BuildingBlocks\ApiGw\ApiGw.Ocelot\ApiGw.Ocelot.csproj", "{0ED772A3-B776-4A04-BB98-A152FF99D890}"
EndProject
Project("{9A19103F-16F7-4668-BE54-9A1E7A4F7556}") = "Common.Policy", "BuildingBlocks\Common\Common.Policy\Common.Policy.csproj", "{B7FCA443-9682-459E-88D3-00A741812B7E}"
EndProject
Project("{9A19103F-16F7-4668-BE54-9A1E7A4F7556}") = "ApiGw.ClientProxy", "BuildingBlocks\ApiGw\ApiGw.ClientProxy\ApiGw.ClientProxy.csproj", "{19E505C0-F716-434E-A29A-3AE1939B1C73}"
EndProject
Project("{9A19103F-16F7-4668-BE54-9A1E7A4F7556}") = "ApiGw.ClientProxy.Ext", "BuildingBlocks\ApiGw\ApiGw.ClientProxy.Ext\ApiGw.ClientProxy.Ext.csproj", "{34DBD2CC-08F4-4C61-9DC3-872022FE4B9B}"
EndProject
Project("{9A19103F-16F7-4668-BE54-9A1E7A4F7556}") = "Testing.MockSvc", "Testing\Testing.MockSvc\Testing.MockSvc.csproj", "{B517DAE9-7F58-4A92-BA0B-FF6C41B188E9}"
EndProject
Project("{2150E333-8FDC-42A3-9474-1A3956D46DE8}") = "Tesing", "Tesing", "{E39CCFB0-E20F-494A-B3DF-1A9A2DD449F3}"
EndProject
Project("{2150E333-8FDC-42A3-9474-1A3956D46DE8}") = "HelloWorld", "HelloWorld", "{55C0A87B-3D23-4906-884C-4EE1CF08FF7A}"
EndProject
Project("{9A19103F-16F7-4668-BE54-9A1E7A4F7556}") = "Service.HelloWorld.Api", "Service\HelloWorld\Service.HelloWorld.Api\Service.HelloWorld.Api.csproj", "{EDC4703F-60CF-43F8-9DE7-5D2889A31B64}"
EndProject
Project("{9A19103F-16F7-4668-BE54-9A1E7A4F7556}") = "Service.HelloWorld.ApiImp", "Service\HelloWorld\Service.HelloWorld.ApiImp\Service.HelloWorld.ApiImp.csproj", "{E17D3F25-4D66-4936-A3A6-F48AB5CEEE28}"
EndProject
Project("{9A19103F-16F7-4668-BE54-9A1E7A4F7556}") = "Service.HelloWorld.Contract", "Service\HelloWorld\Service.HelloWorld.Contract\Service.HelloWorld.Contract.csproj", "{E0070BCC-26DD-4D0F-87BC-024928178E82}"
EndProject
Project("{2150E333-8FDC-42A3-9474-1A3956D46DE8}") = "Sid", "Sid", "{3985B0C1-D89E-4EC1-8899-0CF6C0B04B4B}"
EndProject
Project("{9A19103F-16F7-4668-BE54-9A1E7A4F7556}") = "Sid.Bss", "Sid\Sid.Bss\Sid.Bss.csproj", "{BF1E4011-9A9D-4170-BD8A-228E1505FB2B}"
EndProject
Project("{9A19103F-16F7-4668-BE54-9A1E7A4F7556}") = "IoC.DI.Ordering", "BuildingBlocks\IoC\IoC.DI.Ordering\IoC.DI.Ordering.csproj", "{ABEFFAAD-D443-4E67-BC56-C56934F33A1C}"
EndProject
Project("{9A19103F-16F7-4668-BE54-9A1E7A4F7556}") = "IoC.DI.Banking", "BuildingBlocks\IoC\IoC.DI.Banking\IoC.DI.Banking.csproj", "{05A63A9D-F105-4028-98D4-B71041E604AF}"
EndProject
Project("{9A19103F-16F7-4668-BE54-9A1E7A4F7556}") = "BlazorApp", "Client\BlazorApp\BlazorApp.csproj", "{E55828F0-B97A-4A2B-AD7E-8FE0D9C4D0B2}"
EndProject
Project("{9A19103F-16F7-4668-BE54-9A1E7A4F7556}") = "IoC.DI.Client", "BuildingBlocks\IoC\IoC.DI.Client\IoC.DI.Client.csproj", "{550DDF0B-7673-4053-99BF-53A8BFE51AA1}"
EndProject
Project("{9A19103F-16F7-4668-BE54-9A1E7A4F7556}") = "WebApp", "Client\WebApp\WebApp.csproj", "{04052FB4-B61C-49FE-B9C1-5151F162C833}"
EndProject
Project("{9A19103F-16F7-4668-BE54-9A1E7A4F7556}") = "Common", "BuildingBlocks\Common\Common\Common.csproj", "{C22A0C49-5130-4DD3-AF95-FA55472F1976}"
EndProject
Global
	GlobalSection(SolutionConfigurationPlatforms) = preSolution
		Debug|Any CPU = Debug|Any CPU
		Release|Any CPU = Release|Any CPU
	EndGlobalSection
	GlobalSection(ProjectConfigurationPlatforms) = postSolution
		{61B48D3C-EFAE-45F8-978E-DD1A11796078}.Debug|Any CPU.ActiveCfg = Debug|Any CPU
		{61B48D3C-EFAE-45F8-978E-DD1A11796078}.Debug|Any CPU.Build.0 = Debug|Any CPU
		{61B48D3C-EFAE-45F8-978E-DD1A11796078}.Release|Any CPU.ActiveCfg = Release|Any CPU
		{61B48D3C-EFAE-45F8-978E-DD1A11796078}.Release|Any CPU.Build.0 = Release|Any CPU
		{6BE17C85-37DA-48BB-88E2-DC8B5F961BF8}.Debug|Any CPU.ActiveCfg = Debug|Any CPU
		{6BE17C85-37DA-48BB-88E2-DC8B5F961BF8}.Debug|Any CPU.Build.0 = Debug|Any CPU
		{6BE17C85-37DA-48BB-88E2-DC8B5F961BF8}.Release|Any CPU.ActiveCfg = Release|Any CPU
		{6BE17C85-37DA-48BB-88E2-DC8B5F961BF8}.Release|Any CPU.Build.0 = Release|Any CPU
		{9D2838F0-7A5B-4094-A413-F84F33BC754E}.Debug|Any CPU.ActiveCfg = Debug|Any CPU
		{9D2838F0-7A5B-4094-A413-F84F33BC754E}.Debug|Any CPU.Build.0 = Debug|Any CPU
		{9D2838F0-7A5B-4094-A413-F84F33BC754E}.Release|Any CPU.ActiveCfg = Release|Any CPU
		{9D2838F0-7A5B-4094-A413-F84F33BC754E}.Release|Any CPU.Build.0 = Release|Any CPU
		{35C2175F-DEDC-43FE-8A2D-8405E5B93081}.Debug|Any CPU.ActiveCfg = Debug|Any CPU
		{35C2175F-DEDC-43FE-8A2D-8405E5B93081}.Debug|Any CPU.Build.0 = Debug|Any CPU
		{35C2175F-DEDC-43FE-8A2D-8405E5B93081}.Release|Any CPU.ActiveCfg = Release|Any CPU
		{35C2175F-DEDC-43FE-8A2D-8405E5B93081}.Release|Any CPU.Build.0 = Release|Any CPU
		{86F65EDA-D06C-46C6-AA3B-01921A7E565A}.Debug|Any CPU.ActiveCfg = Debug|Any CPU
		{86F65EDA-D06C-46C6-AA3B-01921A7E565A}.Debug|Any CPU.Build.0 = Debug|Any CPU
		{86F65EDA-D06C-46C6-AA3B-01921A7E565A}.Release|Any CPU.ActiveCfg = Release|Any CPU
		{86F65EDA-D06C-46C6-AA3B-01921A7E565A}.Release|Any CPU.Build.0 = Release|Any CPU
		{DDF890F8-BA2F-45E3-BA7B-00EFFA22EF24}.Debug|Any CPU.ActiveCfg = Debug|Any CPU
		{DDF890F8-BA2F-45E3-BA7B-00EFFA22EF24}.Debug|Any CPU.Build.0 = Debug|Any CPU
		{DDF890F8-BA2F-45E3-BA7B-00EFFA22EF24}.Release|Any CPU.ActiveCfg = Release|Any CPU
		{DDF890F8-BA2F-45E3-BA7B-00EFFA22EF24}.Release|Any CPU.Build.0 = Release|Any CPU
		{F5A8724A-FF7B-40EC-86FE-0F22CAA63A5D}.Debug|Any CPU.ActiveCfg = Debug|Any CPU
		{F5A8724A-FF7B-40EC-86FE-0F22CAA63A5D}.Debug|Any CPU.Build.0 = Debug|Any CPU
		{F5A8724A-FF7B-40EC-86FE-0F22CAA63A5D}.Release|Any CPU.ActiveCfg = Release|Any CPU
		{F5A8724A-FF7B-40EC-86FE-0F22CAA63A5D}.Release|Any CPU.Build.0 = Release|Any CPU
		{BC13DE24-9A73-47BA-BF04-721B0896553A}.Debug|Any CPU.ActiveCfg = Debug|Any CPU
		{BC13DE24-9A73-47BA-BF04-721B0896553A}.Debug|Any CPU.Build.0 = Debug|Any CPU
		{BC13DE24-9A73-47BA-BF04-721B0896553A}.Release|Any CPU.ActiveCfg = Release|Any CPU
		{BC13DE24-9A73-47BA-BF04-721B0896553A}.Release|Any CPU.Build.0 = Release|Any CPU
		{58A27032-851E-4AFC-B4D5-0597010B6FC6}.Debug|Any CPU.ActiveCfg = Debug|Any CPU
		{58A27032-851E-4AFC-B4D5-0597010B6FC6}.Debug|Any CPU.Build.0 = Debug|Any CPU
		{58A27032-851E-4AFC-B4D5-0597010B6FC6}.Release|Any CPU.ActiveCfg = Release|Any CPU
		{58A27032-851E-4AFC-B4D5-0597010B6FC6}.Release|Any CPU.Build.0 = Release|Any CPU
		{57A22BD2-9D41-4A72-95E5-A50B1410DD57}.Debug|Any CPU.ActiveCfg = Debug|Any CPU
		{57A22BD2-9D41-4A72-95E5-A50B1410DD57}.Debug|Any CPU.Build.0 = Debug|Any CPU
		{57A22BD2-9D41-4A72-95E5-A50B1410DD57}.Release|Any CPU.ActiveCfg = Release|Any CPU
		{57A22BD2-9D41-4A72-95E5-A50B1410DD57}.Release|Any CPU.Build.0 = Release|Any CPU
		{4715B9BD-7EA6-459E-B9AC-7F06E372E8DC}.Debug|Any CPU.ActiveCfg = Debug|Any CPU
		{4715B9BD-7EA6-459E-B9AC-7F06E372E8DC}.Debug|Any CPU.Build.0 = Debug|Any CPU
		{4715B9BD-7EA6-459E-B9AC-7F06E372E8DC}.Release|Any CPU.ActiveCfg = Release|Any CPU
		{4715B9BD-7EA6-459E-B9AC-7F06E372E8DC}.Release|Any CPU.Build.0 = Release|Any CPU
		{7881FD25-A99F-4CFE-9221-5C4D2DDC619F}.Debug|Any CPU.ActiveCfg = Debug|Any CPU
		{7881FD25-A99F-4CFE-9221-5C4D2DDC619F}.Debug|Any CPU.Build.0 = Debug|Any CPU
		{7881FD25-A99F-4CFE-9221-5C4D2DDC619F}.Release|Any CPU.ActiveCfg = Release|Any CPU
		{7881FD25-A99F-4CFE-9221-5C4D2DDC619F}.Release|Any CPU.Build.0 = Release|Any CPU
		{3B8FA087-4597-408C-A021-AA2C9EEBF770}.Debug|Any CPU.ActiveCfg = Debug|Any CPU
		{3B8FA087-4597-408C-A021-AA2C9EEBF770}.Debug|Any CPU.Build.0 = Debug|Any CPU
		{3B8FA087-4597-408C-A021-AA2C9EEBF770}.Release|Any CPU.ActiveCfg = Release|Any CPU
		{3B8FA087-4597-408C-A021-AA2C9EEBF770}.Release|Any CPU.Build.0 = Release|Any CPU
		{6AB05332-617F-43ED-8800-78954A3BB742}.Debug|Any CPU.ActiveCfg = Debug|Any CPU
		{6AB05332-617F-43ED-8800-78954A3BB742}.Debug|Any CPU.Build.0 = Debug|Any CPU
		{6AB05332-617F-43ED-8800-78954A3BB742}.Release|Any CPU.ActiveCfg = Release|Any CPU
		{6AB05332-617F-43ED-8800-78954A3BB742}.Release|Any CPU.Build.0 = Release|Any CPU
		{0ED772A3-B776-4A04-BB98-A152FF99D890}.Debug|Any CPU.ActiveCfg = Debug|Any CPU
		{0ED772A3-B776-4A04-BB98-A152FF99D890}.Debug|Any CPU.Build.0 = Debug|Any CPU
		{0ED772A3-B776-4A04-BB98-A152FF99D890}.Release|Any CPU.ActiveCfg = Release|Any CPU
		{0ED772A3-B776-4A04-BB98-A152FF99D890}.Release|Any CPU.Build.0 = Release|Any CPU
		{B7FCA443-9682-459E-88D3-00A741812B7E}.Debug|Any CPU.ActiveCfg = Debug|Any CPU
		{B7FCA443-9682-459E-88D3-00A741812B7E}.Debug|Any CPU.Build.0 = Debug|Any CPU
		{B7FCA443-9682-459E-88D3-00A741812B7E}.Release|Any CPU.ActiveCfg = Release|Any CPU
		{B7FCA443-9682-459E-88D3-00A741812B7E}.Release|Any CPU.Build.0 = Release|Any CPU
		{19E505C0-F716-434E-A29A-3AE1939B1C73}.Debug|Any CPU.ActiveCfg = Debug|Any CPU
		{19E505C0-F716-434E-A29A-3AE1939B1C73}.Debug|Any CPU.Build.0 = Debug|Any CPU
		{19E505C0-F716-434E-A29A-3AE1939B1C73}.Release|Any CPU.ActiveCfg = Release|Any CPU
		{19E505C0-F716-434E-A29A-3AE1939B1C73}.Release|Any CPU.Build.0 = Release|Any CPU
		{34DBD2CC-08F4-4C61-9DC3-872022FE4B9B}.Debug|Any CPU.ActiveCfg = Debug|Any CPU
		{34DBD2CC-08F4-4C61-9DC3-872022FE4B9B}.Debug|Any CPU.Build.0 = Debug|Any CPU
		{34DBD2CC-08F4-4C61-9DC3-872022FE4B9B}.Release|Any CPU.ActiveCfg = Release|Any CPU
		{34DBD2CC-08F4-4C61-9DC3-872022FE4B9B}.Release|Any CPU.Build.0 = Release|Any CPU
		{B517DAE9-7F58-4A92-BA0B-FF6C41B188E9}.Debug|Any CPU.ActiveCfg = Debug|Any CPU
		{B517DAE9-7F58-4A92-BA0B-FF6C41B188E9}.Debug|Any CPU.Build.0 = Debug|Any CPU
		{B517DAE9-7F58-4A92-BA0B-FF6C41B188E9}.Release|Any CPU.ActiveCfg = Release|Any CPU
		{B517DAE9-7F58-4A92-BA0B-FF6C41B188E9}.Release|Any CPU.Build.0 = Release|Any CPU
		{EDC4703F-60CF-43F8-9DE7-5D2889A31B64}.Debug|Any CPU.ActiveCfg = Debug|Any CPU
		{EDC4703F-60CF-43F8-9DE7-5D2889A31B64}.Debug|Any CPU.Build.0 = Debug|Any CPU
		{EDC4703F-60CF-43F8-9DE7-5D2889A31B64}.Release|Any CPU.ActiveCfg = Release|Any CPU
		{EDC4703F-60CF-43F8-9DE7-5D2889A31B64}.Release|Any CPU.Build.0 = Release|Any CPU
		{E17D3F25-4D66-4936-A3A6-F48AB5CEEE28}.Debug|Any CPU.ActiveCfg = Debug|Any CPU
		{E17D3F25-4D66-4936-A3A6-F48AB5CEEE28}.Debug|Any CPU.Build.0 = Debug|Any CPU
		{E17D3F25-4D66-4936-A3A6-F48AB5CEEE28}.Release|Any CPU.ActiveCfg = Release|Any CPU
		{E17D3F25-4D66-4936-A3A6-F48AB5CEEE28}.Release|Any CPU.Build.0 = Release|Any CPU
		{E0070BCC-26DD-4D0F-87BC-024928178E82}.Debug|Any CPU.ActiveCfg = Debug|Any CPU
		{E0070BCC-26DD-4D0F-87BC-024928178E82}.Debug|Any CPU.Build.0 = Debug|Any CPU
		{E0070BCC-26DD-4D0F-87BC-024928178E82}.Release|Any CPU.ActiveCfg = Release|Any CPU
		{E0070BCC-26DD-4D0F-87BC-024928178E82}.Release|Any CPU.Build.0 = Release|Any CPU
		{BF1E4011-9A9D-4170-BD8A-228E1505FB2B}.Debug|Any CPU.ActiveCfg = Debug|Any CPU
		{BF1E4011-9A9D-4170-BD8A-228E1505FB2B}.Debug|Any CPU.Build.0 = Debug|Any CPU
		{BF1E4011-9A9D-4170-BD8A-228E1505FB2B}.Release|Any CPU.ActiveCfg = Release|Any CPU
		{BF1E4011-9A9D-4170-BD8A-228E1505FB2B}.Release|Any CPU.Build.0 = Release|Any CPU
		{ABEFFAAD-D443-4E67-BC56-C56934F33A1C}.Debug|Any CPU.ActiveCfg = Debug|Any CPU
		{ABEFFAAD-D443-4E67-BC56-C56934F33A1C}.Debug|Any CPU.Build.0 = Debug|Any CPU
		{ABEFFAAD-D443-4E67-BC56-C56934F33A1C}.Release|Any CPU.ActiveCfg = Release|Any CPU
		{ABEFFAAD-D443-4E67-BC56-C56934F33A1C}.Release|Any CPU.Build.0 = Release|Any CPU
		{05A63A9D-F105-4028-98D4-B71041E604AF}.Debug|Any CPU.ActiveCfg = Debug|Any CPU
		{05A63A9D-F105-4028-98D4-B71041E604AF}.Debug|Any CPU.Build.0 = Debug|Any CPU
		{05A63A9D-F105-4028-98D4-B71041E604AF}.Release|Any CPU.ActiveCfg = Release|Any CPU
		{05A63A9D-F105-4028-98D4-B71041E604AF}.Release|Any CPU.Build.0 = Release|Any CPU
		{E55828F0-B97A-4A2B-AD7E-8FE0D9C4D0B2}.Debug|Any CPU.ActiveCfg = Debug|Any CPU
		{E55828F0-B97A-4A2B-AD7E-8FE0D9C4D0B2}.Debug|Any CPU.Build.0 = Debug|Any CPU
		{E55828F0-B97A-4A2B-AD7E-8FE0D9C4D0B2}.Release|Any CPU.ActiveCfg = Release|Any CPU
		{E55828F0-B97A-4A2B-AD7E-8FE0D9C4D0B2}.Release|Any CPU.Build.0 = Release|Any CPU
		{550DDF0B-7673-4053-99BF-53A8BFE51AA1}.Debug|Any CPU.ActiveCfg = Debug|Any CPU
		{550DDF0B-7673-4053-99BF-53A8BFE51AA1}.Debug|Any CPU.Build.0 = Debug|Any CPU
		{550DDF0B-7673-4053-99BF-53A8BFE51AA1}.Release|Any CPU.ActiveCfg = Release|Any CPU
		{550DDF0B-7673-4053-99BF-53A8BFE51AA1}.Release|Any CPU.Build.0 = Release|Any CPU
		{04052FB4-B61C-49FE-B9C1-5151F162C833}.Debug|Any CPU.ActiveCfg = Debug|Any CPU
		{04052FB4-B61C-49FE-B9C1-5151F162C833}.Debug|Any CPU.Build.0 = Debug|Any CPU
		{04052FB4-B61C-49FE-B9C1-5151F162C833}.Release|Any CPU.ActiveCfg = Release|Any CPU
		{04052FB4-B61C-49FE-B9C1-5151F162C833}.Release|Any CPU.Build.0 = Release|Any CPU
		{C22A0C49-5130-4DD3-AF95-FA55472F1976}.Debug|Any CPU.ActiveCfg = Debug|Any CPU
		{C22A0C49-5130-4DD3-AF95-FA55472F1976}.Debug|Any CPU.Build.0 = Debug|Any CPU
		{C22A0C49-5130-4DD3-AF95-FA55472F1976}.Release|Any CPU.ActiveCfg = Release|Any CPU
		{C22A0C49-5130-4DD3-AF95-FA55472F1976}.Release|Any CPU.Build.0 = Release|Any CPU
	EndGlobalSection
	GlobalSection(SolutionProperties) = preSolution
		HideSolutionNode = FALSE
	EndGlobalSection
	GlobalSection(NestedProjects) = preSolution
		{C1B4DAE4-7429-49A6-8B5C-325A92D79412} = {BA9A950D-0BC0-4F88-BC88-40D0B6D0FA93}
		{6BE17C85-37DA-48BB-88E2-DC8B5F961BF8} = {C1B4DAE4-7429-49A6-8B5C-325A92D79412}
		{9D2838F0-7A5B-4094-A413-F84F33BC754E} = {C1B4DAE4-7429-49A6-8B5C-325A92D79412}
		{CC9F3FE3-2AAB-4E3B-BE25-0008A894EE7F} = {89844742-9008-49A5-B7B7-F0DB9A621E63}
		{AD8A7880-7609-4DF1-B506-987A01B5DFA1} = {BA9A950D-0BC0-4F88-BC88-40D0B6D0FA93}
		{523C88F0-2474-4D7C-8B19-8674BDD79D24} = {89844742-9008-49A5-B7B7-F0DB9A621E63}
		{35C2175F-DEDC-43FE-8A2D-8405E5B93081} = {523C88F0-2474-4D7C-8B19-8674BDD79D24}
		{86F65EDA-D06C-46C6-AA3B-01921A7E565A} = {523C88F0-2474-4D7C-8B19-8674BDD79D24}
		{F5A8724A-FF7B-40EC-86FE-0F22CAA63A5D} = {AD8A7880-7609-4DF1-B506-987A01B5DFA1}
		{BC13DE24-9A73-47BA-BF04-721B0896553A} = {523C88F0-2474-4D7C-8B19-8674BDD79D24}
		{A98F8F1C-D049-4D33-BD9E-3769A50C6A81} = {BA9A950D-0BC0-4F88-BC88-40D0B6D0FA93}
		{58A27032-851E-4AFC-B4D5-0597010B6FC6} = {A98F8F1C-D049-4D33-BD9E-3769A50C6A81}
		{57A22BD2-9D41-4A72-95E5-A50B1410DD57} = {CC9F3FE3-2AAB-4E3B-BE25-0008A894EE7F}
		{4715B9BD-7EA6-459E-B9AC-7F06E372E8DC} = {523C88F0-2474-4D7C-8B19-8674BDD79D24}
		{7881FD25-A99F-4CFE-9221-5C4D2DDC619F} = {CC9F3FE3-2AAB-4E3B-BE25-0008A894EE7F}
		{3B8FA087-4597-408C-A021-AA2C9EEBF770} = {CC9F3FE3-2AAB-4E3B-BE25-0008A894EE7F}
		{6AB05332-617F-43ED-8800-78954A3BB742} = {CC9F3FE3-2AAB-4E3B-BE25-0008A894EE7F}
		{DD4C4D3E-27F4-43E3-BB18-87BBD8D730B1} = {BA9A950D-0BC0-4F88-BC88-40D0B6D0FA93}
		{0ED772A3-B776-4A04-BB98-A152FF99D890} = {DD4C4D3E-27F4-43E3-BB18-87BBD8D730B1}
		{B7FCA443-9682-459E-88D3-00A741812B7E} = {AD8A7880-7609-4DF1-B506-987A01B5DFA1}
		{19E505C0-F716-434E-A29A-3AE1939B1C73} = {DD4C4D3E-27F4-43E3-BB18-87BBD8D730B1}
		{34DBD2CC-08F4-4C61-9DC3-872022FE4B9B} = {DD4C4D3E-27F4-43E3-BB18-87BBD8D730B1}
		{B517DAE9-7F58-4A92-BA0B-FF6C41B188E9} = {E39CCFB0-E20F-494A-B3DF-1A9A2DD449F3}
		{55C0A87B-3D23-4906-884C-4EE1CF08FF7A} = {89844742-9008-49A5-B7B7-F0DB9A621E63}
		{EDC4703F-60CF-43F8-9DE7-5D2889A31B64} = {55C0A87B-3D23-4906-884C-4EE1CF08FF7A}
		{E17D3F25-4D66-4936-A3A6-F48AB5CEEE28} = {55C0A87B-3D23-4906-884C-4EE1CF08FF7A}
		{E0070BCC-26DD-4D0F-87BC-024928178E82} = {55C0A87B-3D23-4906-884C-4EE1CF08FF7A}
		{BF1E4011-9A9D-4170-BD8A-228E1505FB2B} = {3985B0C1-D89E-4EC1-8899-0CF6C0B04B4B}
		{ABEFFAAD-D443-4E67-BC56-C56934F33A1C} = {A98F8F1C-D049-4D33-BD9E-3769A50C6A81}
		{05A63A9D-F105-4028-98D4-B71041E604AF} = {A98F8F1C-D049-4D33-BD9E-3769A50C6A81}
		{E55828F0-B97A-4A2B-AD7E-8FE0D9C4D0B2} = {4034DEEF-D015-4E77-B8DC-FC41FCA4E9E6}
		{550DDF0B-7673-4053-99BF-53A8BFE51AA1} = {A98F8F1C-D049-4D33-BD9E-3769A50C6A81}
		{04052FB4-B61C-49FE-B9C1-5151F162C833} = {4034DEEF-D015-4E77-B8DC-FC41FCA4E9E6}
		{C22A0C49-5130-4DD3-AF95-FA55472F1976} = {AD8A7880-7609-4DF1-B506-987A01B5DFA1}
	EndGlobalSection
	GlobalSection(ExtensibilityGlobals) = postSolution
		SolutionGuid = {EB5E539E-49D5-4A7A-8F44-2B31DAED129C}
	EndGlobalSection
EndGlobal
