
Microsoft Visual Studio Solution File, Format Version 12.00
# Visual Studio Version 16
VisualStudioVersion = 16.0.29411.108
MinimumVisualStudioVersion = 10.0.40219.1
Project("{9A19103F-16F7-4668-BE54-9A1E7A4F7556}") = "UTool", "UTool\UTool.csproj", "{61B48D3C-EFAE-45F8-978E-DD1A11796078}"
EndProject
Project("{2150E333-8FDC-42A3-9474-1A3956D46DE8}") = "Web", "Web", "{4034DEEF-D015-4E77-B8DC-FC41FCA4E9E6}"
EndProject
Project("{2150E333-8FDC-42A3-9474-1A3956D46DE8}") = "BuildingBlock", "BuildingBlock", "{BA9A950D-0BC0-4F88-BC88-40D0B6D0FA93}"
EndProject
Project("{2150E333-8FDC-42A3-9474-1A3956D46DE8}") = "EventBus", "EventBus", "{C1B4DAE4-7429-49A6-8B5C-325A92D79412}"
EndProject
Project("{9A19103F-16F7-4668-BE54-9A1E7A4F7556}") = "EventBus.Domain", "BuildingBlocks\EventBus\EventBus.Domain\EventBus.Domain.csproj", "{6BE17C85-37DA-48BB-88E2-DC8B5F961BF8}"
EndProject
Project("{9A19103F-16F7-4668-BE54-9A1E7A4F7556}") = "EventBus.RabbitMQ", "BuildingBlocks\EventBus\EventBus.RabbitMQ\EventBus.RabbitMQ.csproj", "{9D2838F0-7A5B-4094-A413-F84F33BC754E}"
EndProject
Project("{2150E333-8FDC-42A3-9474-1A3956D46DE8}") = "Service", "Service", "{89844742-9008-49A5-B7B7-F0DB9A621E63}"
EndProject
Project("{2150E333-8FDC-42A3-9474-1A3956D46DE8}") = "Banking", "Banking", "{CC9F3FE3-2AAB-4E3B-BE25-0008A894EE7F}"
EndProject
Project("{2150E333-8FDC-42A3-9474-1A3956D46DE8}") = "Common", "Common", "{AD8A7880-7609-4DF1-B506-987A01B5DFA1}"
EndProject
Project("{2150E333-8FDC-42A3-9474-1A3956D46DE8}") = "Order", "Order", "{523C88F0-2474-4D7C-8B19-8674BDD79D24}"
EndProject
Project("{9A19103F-16F7-4668-BE54-9A1E7A4F7556}") = "Service.Ordering.Api", "Service\Ordering\Service.Ordering.Api\Service.Ordering.Api.csproj", "{35C2175F-DEDC-43FE-8A2D-8405E5B93081}"
EndProject
Project("{9A19103F-16F7-4668-BE54-9A1E7A4F7556}") = "Service.Ordering.Contract", "Service\Ordering\Service.Ordering.Contract\Service.Ordering.Contract.csproj", "{86F65EDA-D06C-46C6-AA3B-01921A7E565A}"
EndProject
Project("{E53339B2-1760-4266-BCC7-CA923CBCF16C}") = "docker-compose", "docker-compose.dcproj", "{DDF890F8-BA2F-45E3-BA7B-00EFFA22EF24}"
EndProject
Project("{9A19103F-16F7-4668-BE54-9A1E7A4F7556}") = "Common.Contract", "BuildingBlocks\Common\Common.Contract\Common.Contract.csproj", "{F5A8724A-FF7B-40EC-86FE-0F22CAA63A5D}"
EndProject
Project("{9A19103F-16F7-4668-BE54-9A1E7A4F7556}") = "Service.Ordering.Application", "Service\Ordering\Service.Ordering.Application\Service.Ordering.Application.csproj", "{BC13DE24-9A73-47BA-BF04-721B0896553A}"
EndProject
Project("{2150E333-8FDC-42A3-9474-1A3956D46DE8}") = "System", "System", "{F962C530-E7B3-4062-A52A-206B9DEEE93C}"
EndProject
Project("{2150E333-8FDC-42A3-9474-1A3956D46DE8}") = "IoC", "IoC", "{A98F8F1C-D049-4D33-BD9E-3769A50C6A81}"
EndProject
Project("{9A19103F-16F7-4668-BE54-9A1E7A4F7556}") = "IoC.DI", "BuildingBlocks\IoC\IoC.DI\IoC.DI.csproj", "{58A27032-851E-4AFC-B4D5-0597010B6FC6}"
EndProject
Project("{9A19103F-16F7-4668-BE54-9A1E7A4F7556}") = "Service.Banking.Contract", "Service\Banking\Service.Banking.Contract\Service.Banking.Contract.csproj", "{57A22BD2-9D41-4A72-95E5-A50B1410DD57}"
EndProject
Project("{9A19103F-16F7-4668-BE54-9A1E7A4F7556}") = "Service.Ordering.ApiImp", "Service\Ordering\Service.Ordering.ApiImp\Service.Ordering.ApiImp.csproj", "{4715B9BD-7EA6-459E-B9AC-7F06E372E8DC}"
EndProject
Project("{9A19103F-16F7-4668-BE54-9A1E7A4F7556}") = "Service.Banking.ApiImp", "Service\Banking\Service.Banking.ApiImp\Service.Banking.ApiImp.csproj", "{7881FD25-A99F-4CFE-9221-5C4D2DDC619F}"
EndProject
Project("{9A19103F-16F7-4668-BE54-9A1E7A4F7556}") = "Service.Banking.Application", "Service\Banking\Service.Banking.Application\Service.Banking.Application.csproj", "{3B8FA087-4597-408C-A021-AA2C9EEBF770}"
EndProject
Project("{9A19103F-16F7-4668-BE54-9A1E7A4F7556}") = "Service.Banking.Api", "Service\Banking\Service.Banking.Api\Service.Banking.Api.csproj", "{6AB05332-617F-43ED-8800-78954A3BB742}"
EndProject
Project("{2150E333-8FDC-42A3-9474-1A3956D46DE8}") = "APiGw", "APiGw", "{DD4C4D3E-27F4-43E3-BB18-87BBD8D730B1}"
EndProject
Project("{9A19103F-16F7-4668-BE54-9A1E7A4F7556}") = "ApiGw.Ocelot", "BuildingBlocks\ApiGw\ApiGw.Ocelot\ApiGw.Ocelot.csproj", "{0ED772A3-B776-4A04-BB98-A152FF99D890}"
EndProject
Project("{9A19103F-16F7-4668-BE54-9A1E7A4F7556}") = "Support.Net.Core", "BuildingBlocks\Common\Common.Support\Support.Net.Core.csproj", "{B322E66D-D9E1-405A-BD1A-1549AA917904}"
EndProject
Global
	GlobalSection(SolutionConfigurationPlatforms) = preSolution
		Debug|Any CPU = Debug|Any CPU
		Release|Any CPU = Release|Any CPU
	EndGlobalSection
	GlobalSection(ProjectConfigurationPlatforms) = postSolution
		{61B48D3C-EFAE-45F8-978E-DD1A11796078}.Debug|Any CPU.ActiveCfg = Debug|Any CPU
		{61B48D3C-EFAE-45F8-978E-DD1A11796078}.Debug|Any CPU.Build.0 = Debug|Any CPU
		{61B48D3C-EFAE-45F8-978E-DD1A11796078}.Release|Any CPU.ActiveCfg = Release|Any CPU
		{61B48D3C-EFAE-45F8-978E-DD1A11796078}.Release|Any CPU.Build.0 = Release|Any CPU
		{6BE17C85-37DA-48BB-88E2-DC8B5F961BF8}.Debug|Any CPU.ActiveCfg = Debug|Any CPU
		{6BE17C85-37DA-48BB-88E2-DC8B5F961BF8}.Debug|Any CPU.Build.0 = Debug|Any CPU
		{6BE17C85-37DA-48BB-88E2-DC8B5F961BF8}.Release|Any CPU.ActiveCfg = Release|Any CPU
		{6BE17C85-37DA-48BB-88E2-DC8B5F961BF8}.Release|Any CPU.Build.0 = Release|Any CPU
		{9D2838F0-7A5B-4094-A413-F84F33BC754E}.Debug|Any CPU.ActiveCfg = Debug|Any CPU
		{9D2838F0-7A5B-4094-A413-F84F33BC754E}.Debug|Any CPU.Build.0 = Debug|Any CPU
		{9D2838F0-7A5B-4094-A413-F84F33BC754E}.Release|Any CPU.ActiveCfg = Release|Any CPU
		{9D2838F0-7A5B-4094-A413-F84F33BC754E}.Release|Any CPU.Build.0 = Release|Any CPU
		{35C2175F-DEDC-43FE-8A2D-8405E5B93081}.Debug|Any CPU.ActiveCfg = Debug|Any CPU
		{35C2175F-DEDC-43FE-8A2D-8405E5B93081}.Debug|Any CPU.Build.0 = Debug|Any CPU
		{35C2175F-DEDC-43FE-8A2D-8405E5B93081}.Release|Any CPU.ActiveCfg = Release|Any CPU
		{35C2175F-DEDC-43FE-8A2D-8405E5B93081}.Release|Any CPU.Build.0 = Release|Any CPU
		{86F65EDA-D06C-46C6-AA3B-01921A7E565A}.Debug|Any CPU.ActiveCfg = Debug|Any CPU
		{86F65EDA-D06C-46C6-AA3B-01921A7E565A}.Debug|Any CPU.Build.0 = Debug|Any CPU
		{86F65EDA-D06C-46C6-AA3B-01921A7E565A}.Release|Any CPU.ActiveCfg = Release|Any CPU
		{86F65EDA-D06C-46C6-AA3B-01921A7E565A}.Release|Any CPU.Build.0 = Release|Any CPU
		{DDF890F8-BA2F-45E3-BA7B-00EFFA22EF24}.Debug|Any CPU.ActiveCfg = Debug|Any CPU
		{DDF890F8-BA2F-45E3-BA7B-00EFFA22EF24}.Debug|Any CPU.Build.0 = Debug|Any CPU
		{DDF890F8-BA2F-45E3-BA7B-00EFFA22EF24}.Release|Any CPU.ActiveCfg = Release|Any CPU
		{DDF890F8-BA2F-45E3-BA7B-00EFFA22EF24}.Release|Any CPU.Build.0 = Release|Any CPU
		{F5A8724A-FF7B-40EC-86FE-0F22CAA63A5D}.Debug|Any CPU.ActiveCfg = Debug|Any CPU
		{F5A8724A-FF7B-40EC-86FE-0F22CAA63A5D}.Debug|Any CPU.Build.0 = Debug|Any CPU
		{F5A8724A-FF7B-40EC-86FE-0F22CAA63A5D}.Release|Any CPU.ActiveCfg = Release|Any CPU
		{F5A8724A-FF7B-40EC-86FE-0F22CAA63A5D}.Release|Any CPU.Build.0 = Release|Any CPU
		{BC13DE24-9A73-47BA-BF04-721B0896553A}.Debug|Any CPU.ActiveCfg = Debug|Any CPU
		{BC13DE24-9A73-47BA-BF04-721B0896553A}.Debug|Any CPU.Build.0 = Debug|Any CPU
		{BC13DE24-9A73-47BA-BF04-721B0896553A}.Release|Any CPU.ActiveCfg = Release|Any CPU
		{BC13DE24-9A73-47BA-BF04-721B0896553A}.Release|Any CPU.Build.0 = Release|Any CPU
		{58A27032-851E-4AFC-B4D5-0597010B6FC6}.Debug|Any CPU.ActiveCfg = Debug|Any CPU
		{58A27032-851E-4AFC-B4D5-0597010B6FC6}.Debug|Any CPU.Build.0 = Debug|Any CPU
		{58A27032-851E-4AFC-B4D5-0597010B6FC6}.Release|Any CPU.ActiveCfg = Release|Any CPU
		{58A27032-851E-4AFC-B4D5-0597010B6FC6}.Release|Any CPU.Build.0 = Release|Any CPU
		{57A22BD2-9D41-4A72-95E5-A50B1410DD57}.Debug|Any CPU.ActiveCfg = Debug|Any CPU
		{57A22BD2-9D41-4A72-95E5-A50B1410DD57}.Debug|Any CPU.Build.0 = Debug|Any CPU
		{57A22BD2-9D41-4A72-95E5-A50B1410DD57}.Release|Any CPU.ActiveCfg = Release|Any CPU
		{57A22BD2-9D41-4A72-95E5-A50B1410DD57}.Release|Any CPU.Build.0 = Release|Any CPU
		{4715B9BD-7EA6-459E-B9AC-7F06E372E8DC}.Debug|Any CPU.ActiveCfg = Debug|Any CPU
		{4715B9BD-7EA6-459E-B9AC-7F06E372E8DC}.Debug|Any CPU.Build.0 = Debug|Any CPU
		{4715B9BD-7EA6-459E-B9AC-7F06E372E8DC}.Release|Any CPU.ActiveCfg = Release|Any CPU
		{4715B9BD-7EA6-459E-B9AC-7F06E372E8DC}.Release|Any CPU.Build.0 = Release|Any CPU
		{7881FD25-A99F-4CFE-9221-5C4D2DDC619F}.Debug|Any CPU.ActiveCfg = Debug|Any CPU
		{7881FD25-A99F-4CFE-9221-5C4D2DDC619F}.Debug|Any CPU.Build.0 = Debug|Any CPU
		{7881FD25-A99F-4CFE-9221-5C4D2DDC619F}.Release|Any CPU.ActiveCfg = Release|Any CPU
		{7881FD25-A99F-4CFE-9221-5C4D2DDC619F}.Release|Any CPU.Build.0 = Release|Any CPU
		{3B8FA087-4597-408C-A021-AA2C9EEBF770}.Debug|Any CPU.ActiveCfg = Debug|Any CPU
		{3B8FA087-4597-408C-A021-AA2C9EEBF770}.Debug|Any CPU.Build.0 = Debug|Any CPU
		{3B8FA087-4597-408C-A021-AA2C9EEBF770}.Release|Any CPU.ActiveCfg = Release|Any CPU
		{3B8FA087-4597-408C-A021-AA2C9EEBF770}.Release|Any CPU.Build.0 = Release|Any CPU
		{6AB05332-617F-43ED-8800-78954A3BB742}.Debug|Any CPU.ActiveCfg = Debug|Any CPU
		{6AB05332-617F-43ED-8800-78954A3BB742}.Debug|Any CPU.Build.0 = Debug|Any CPU
		{6AB05332-617F-43ED-8800-78954A3BB742}.Release|Any CPU.ActiveCfg = Release|Any CPU
		{6AB05332-617F-43ED-8800-78954A3BB742}.Release|Any CPU.Build.0 = Release|Any CPU
		{0ED772A3-B776-4A04-BB98-A152FF99D890}.Debug|Any CPU.ActiveCfg = Debug|Any CPU
		{0ED772A3-B776-4A04-BB98-A152FF99D890}.Debug|Any CPU.Build.0 = Debug|Any CPU
		{0ED772A3-B776-4A04-BB98-A152FF99D890}.Release|Any CPU.ActiveCfg = Release|Any CPU
		{0ED772A3-B776-4A04-BB98-A152FF99D890}.Release|Any CPU.Build.0 = Release|Any CPU
		{B322E66D-D9E1-405A-BD1A-1549AA917904}.Debug|Any CPU.ActiveCfg = Debug|Any CPU
		{B322E66D-D9E1-405A-BD1A-1549AA917904}.Debug|Any CPU.Build.0 = Debug|Any CPU
		{B322E66D-D9E1-405A-BD1A-1549AA917904}.Release|Any CPU.ActiveCfg = Release|Any CPU
		{B322E66D-D9E1-405A-BD1A-1549AA917904}.Release|Any CPU.Build.0 = Release|Any CPU
	EndGlobalSection
	GlobalSection(SolutionProperties) = preSolution
		HideSolutionNode = FALSE
	EndGlobalSection
	GlobalSection(NestedProjects) = preSolution
		{C1B4DAE4-7429-49A6-8B5C-325A92D79412} = {BA9A950D-0BC0-4F88-BC88-40D0B6D0FA93}
		{6BE17C85-37DA-48BB-88E2-DC8B5F961BF8} = {C1B4DAE4-7429-49A6-8B5C-325A92D79412}
		{9D2838F0-7A5B-4094-A413-F84F33BC754E} = {C1B4DAE4-7429-49A6-8B5C-325A92D79412}
		{CC9F3FE3-2AAB-4E3B-BE25-0008A894EE7F} = {89844742-9008-49A5-B7B7-F0DB9A621E63}
		{AD8A7880-7609-4DF1-B506-987A01B5DFA1} = {BA9A950D-0BC0-4F88-BC88-40D0B6D0FA93}
		{523C88F0-2474-4D7C-8B19-8674BDD79D24} = {89844742-9008-49A5-B7B7-F0DB9A621E63}
		{35C2175F-DEDC-43FE-8A2D-8405E5B93081} = {523C88F0-2474-4D7C-8B19-8674BDD79D24}
		{86F65EDA-D06C-46C6-AA3B-01921A7E565A} = {523C88F0-2474-4D7C-8B19-8674BDD79D24}
		{F5A8724A-FF7B-40EC-86FE-0F22CAA63A5D} = {AD8A7880-7609-4DF1-B506-987A01B5DFA1}
		{BC13DE24-9A73-47BA-BF04-721B0896553A} = {523C88F0-2474-4D7C-8B19-8674BDD79D24}
		{A98F8F1C-D049-4D33-BD9E-3769A50C6A81} = {BA9A950D-0BC0-4F88-BC88-40D0B6D0FA93}
		{58A27032-851E-4AFC-B4D5-0597010B6FC6} = {A98F8F1C-D049-4D33-BD9E-3769A50C6A81}
		{57A22BD2-9D41-4A72-95E5-A50B1410DD57} = {CC9F3FE3-2AAB-4E3B-BE25-0008A894EE7F}
		{4715B9BD-7EA6-459E-B9AC-7F06E372E8DC} = {523C88F0-2474-4D7C-8B19-8674BDD79D24}
		{7881FD25-A99F-4CFE-9221-5C4D2DDC619F} = {CC9F3FE3-2AAB-4E3B-BE25-0008A894EE7F}
		{3B8FA087-4597-408C-A021-AA2C9EEBF770} = {CC9F3FE3-2AAB-4E3B-BE25-0008A894EE7F}
		{6AB05332-617F-43ED-8800-78954A3BB742} = {CC9F3FE3-2AAB-4E3B-BE25-0008A894EE7F}
		{DD4C4D3E-27F4-43E3-BB18-87BBD8D730B1} = {BA9A950D-0BC0-4F88-BC88-40D0B6D0FA93}
		{0ED772A3-B776-4A04-BB98-A152FF99D890} = {DD4C4D3E-27F4-43E3-BB18-87BBD8D730B1}
		{B322E66D-D9E1-405A-BD1A-1549AA917904} = {AD8A7880-7609-4DF1-B506-987A01B5DFA1}
	EndGlobalSection
	GlobalSection(ExtensibilityGlobals) = postSolution
		SolutionGuid = {EB5E539E-49D5-4A7A-8F44-2B31DAED129C}
	EndGlobalSection
EndGlobal
